dependencies:
  espressif/mqtt:
    component_hash: fb18bc3b65aa8c94693a9811ffc322cca8a65d92d5ec84983d3e385080e3969c
    dependencies:
    - name: idf
      require: private
      version: '>=5.3'
    source:
      registry_url: https://components.espressif.com/
      type: service
    version: 1.1.0
  idf:
    source:
      type: idf
    version: 6.0.2
direct_dependencies:
- espressif/mqtt
- idf
manifest_hash: 8dbbea53ea1adfd61d7cd94c8c1b15649f034bc78059135941ca029aa43a3092
target: esp32s3
version: 3.0.0
